Microsoft Visual Studio Solution File, Format Version 12.00
# Visual Studio Version 17
VisualStudioVersion = 17.5.2.0
MinimumVisualStudioVersion = 10.0.40219.1
Project("{2150E333-8FDC-42A3-9474-1A3956D46DE8}") = "02_Two_Pointers", "02_Two_Pointers", "{14176CB1-7AE3-CC7E-DDA8-1F3F0CB18457}"
EndProject
Project("{2150E333-8FDC-42A3-9474-1A3956D46DE8}") = "01_Arrays_Hashing", "01_Arrays_Hashing", "{360BA4B9-D95D-2C31-1856-F6070EA4F97B}"
EndProject
Project("{2150E333-8FDC-42A3-9474-1A3956D46DE8}") = "03_Sliding_Window", "03_Sliding_Window", "{75315CF1-C1E7-F877-61D4-25BF9BB45BBF}"
EndProject
Project("{FAE04EC0-301F-11D3-BF4B-00C04F79EFBC}") = "Reversestring", "02_Two_Pointers\Reversestring\Reversestring.csproj", "{9D316F95-5FB8-10A2-560F-24F0166A3E15}"
EndProject
Project("{FAE04EC0-301F-11D3-BF4B-00C04F79EFBC}") = "Groupanagrams", "01_Arrays_Hashing\GroupAnagrams\Groupanagrams.csproj", "{116C304A-0ED4-EB0D-2977-5C055742F3B4}"
EndProject
Project("{FAE04EC0-301F-11D3-BF4B-00C04F79EFBC}") = "Validanagram", "01_Arrays_Hashing\Validanagram\Validanagram.csproj", "{E55B6759-3FFF-0097-C0CA-7A663862CB68}"
EndProject
Project("{FAE04EC0-301F-11D3-BF4B-00C04F79EFBC}") = "TwoSum", "01_Arrays_Hashing\TwoSum\TwoSum.csproj", "{D42196F5-8B32-D0F8-8286-70BD4210EDB3}"
EndProject
Project("{FAE04EC0-301F-11D3-BF4B-00C04F79EFBC}") = "ContainsDuplicate", "01_Arrays_Hashing\ContainsDuplicate\ContainsDuplicate.csproj", "{B058A698-DB7F-C058-9644-7E416E0D5B9B}"
EndProject
Project("{FAE04EC0-301F-11D3-BF4B-00C04F79EFBC}") = "HashTable", "01_Arrays_Hashing\HashImplementation\HashTable.csproj", "{E5A5C6F1-2B87-4A1E-9C3F-8A9DA5B3E123}"
EndProject
Project("{FAE04EC0-301F-11D3-BF4B-00C04F79EFBC}") = "BestTimeToBuyAndSellStock", "03_Sliding_Window\BestTimeToBuyAndSellStock\BestTimeToBuyAndSellStock.csproj", "{03F295BC-1CA1-F3BE-1558-3C155FCE3F20}"
EndProject
Global
	GlobalSection(SolutionConfigurationPlatforms) = preSolution
		Debug|Any CPU = Debug|Any CPU
		Release|Any CPU = Release|Any CPU
	EndGlobalSection
	GlobalSection(ProjectConfigurationPlatforms) = postSolution
		{9D316F95-5FB8-10A2-560F-24F0166A3E15}.Debug|Any CPU.ActiveCfg = Debug|Any CPU
		{9D316F95-5FB8-10A2-560F-24F0166A3E15}.Debug|Any CPU.Build.0 = Debug|Any CPU
		{9D316F95-5FB8-10A2-560F-24F0166A3E15}.Release|Any CPU.ActiveCfg = Release|Any CPU
		{9D316F95-5FB8-10A2-560F-24F0166A3E15}.Release|Any CPU.Build.0 = Release|Any CPU
		{116C304A-0ED4-EB0D-2977-5C055742F3B4}.Debug|Any CPU.ActiveCfg = Debug|Any CPU
		{116C304A-0ED4-EB0D-2977-5C055742F3B4}.Debug|Any CPU.Build.0 = Debug|Any CPU
		{116C304A-0ED4-EB0D-2977-5C055742F3B4}.Release|Any CPU.ActiveCfg = Release|Any CPU
		{116C304A-0ED4-EB0D-2977-5C055742F3B4}.Release|Any CPU.Build.0 = Release|Any CPU
		{E55B6759-3FFF-0097-C0CA-7A663862CB68}.Debug|Any CPU.ActiveCfg = Debug|Any CPU
		{E55B6759-3FFF-0097-C0CA-7A663862CB68}.Debug|Any CPU.Build.0 = Debug|Any CPU
		{E55B6759-3FFF-0097-C0CA-7A663862CB68}.Release|Any CPU.ActiveCfg = Release|Any CPU
		{E55B6759-3FFF-0097-C0CA-7A663862CB68}.Release|Any CPU.Build.0 = Release|Any CPU
		{D42196F5-8B32-D0F8-8286-70BD4210EDB3}.Debug|Any CPU.ActiveCfg = Debug|Any CPU
		{D42196F5-8B32-D0F8-8286-70BD4210EDB3}.Debug|Any CPU.Build.0 = Debug|Any CPU
		{D42196F5-8B32-D0F8-8286-70BD4210EDB3}.Release|Any CPU.ActiveCfg = Release|Any CPU
		{D42196F5-8B32-D0F8-8286-70BD4210EDB3}.Release|Any CPU.Build.0 = Release|Any CPU
		{B058A698-DB7F-C058-9644-7E416E0D5B9B}.Debug|Any CPU.ActiveCfg = Debug|Any CPU
		{B058A698-DB7F-C058-9644-7E416E0D5B9B}.Debug|Any CPU.Build.0 = Debug|Any CPU
		{B058A698-DB7F-C058-9644-7E416E0D5B9B}.Release|Any CPU.ActiveCfg = Release|Any CPU
		{B058A698-DB7F-C058-9644-7E416E0D5B9B}.Release|Any CPU.Build.0 = Release|Any CPU
		{E5A5C6F1-2B87-4A1E-9C3F-8A9DA5B3E123}.Debug|Any CPU.ActiveCfg = Debug|Any CPU
		{E5A5C6F1-2B87-4A1E-9C3F-8A9DA5B3E123}.Debug|Any CPU.Build.0 = Debug|Any CPU
		{E5A5C6F1-2B87-4A1E-9C3F-8A9DA5B3E123}.Release|Any CPU.ActiveCfg = Release|Any CPU
		{E5A5C6F1-2B87-4A1E-9C3F-8A9DA5B3E123}.Release|Any CPU.Build.0 = Release|Any CPU
		{03F295BC-1CA1-F3BE-1558-3C155FCE3F20}.Debug|Any CPU.ActiveCfg = Debug|Any CPU
		{03F295BC-1CA1-F3BE-1558-3C155FCE3F20}.Debug|Any CPU.Build.0 = Debug|Any CPU
		{03F295BC-1CA1-F3BE-1558-3C155FCE3F20}.Release|Any CPU.ActiveCfg = Release|Any CPU
		{03F295BC-1CA1-F3BE-1558-3C155FCE3F20}.Release|Any CPU.Build.0 = Release|Any CPU
	EndGlobalSection
	GlobalSection(SolutionProperties) = preSolution
		HideSolutionNode = FALSE
	EndGlobalSection
	GlobalSection(NestedProjects) = preSolution
		{9D316F95-5FB8-10A2-560F-24F0166A3E15} = {14176CB1-7AE3-CC7E-DDA8-1F3F0CB18457}
		{116C304A-0ED4-EB0D-2977-5C055742F3B4} = {360BA4B9-D95D-2C31-1856-F6070EA4F97B}
		{E55B6759-3FFF-0097-C0CA-7A663862CB68} = {360BA4B9-D95D-2C31-1856-F6070EA4F97B}
		{D42196F5-8B32-D0F8-8286-70BD4210EDB3} = {360BA4B9-D95D-2C31-1856-F6070EA4F97B}
		{B058A698-DB7F-C058-9644-7E416E0D5B9B} = {360BA4B9-D95D-2C31-1856-F6070EA4F97B}
		{E5A5C6F1-2B87-4A1E-9C3F-8A9DA5B3E123} = {360BA4B9-D95D-2C31-1856-F6070EA4F97B}
		{03F295BC-1CA1-F3BE-1558-3C155FCE3F20} = {75315CF1-C1E7-F877-61D4-25BF9BB45BBF}
	EndGlobalSection
	GlobalSection(ExtensibilityGlobals) = postSolution
		SolutionGuid = {8A7DE663-CEEC-4538-9C91-1C8D97756A7C}
	EndGlobalSection
EndGlobal
