Microsoft Visual Studio Solution File, Format Version 12.00
# Visual Studio Version 17
VisualStudioVersion = 17.5.2.0
MinimumVisualStudioVersion = 10.0.40219.1
Project("{FAE04EC0-301F-11D3-BF4B-00C04F79EFBC}") = "Groupanagrams", "Problems\GroupAnagrams\Groupanagrams.csproj", "{C76CCF0F-D2AC-CC95-72EF-D9DDD8891F17}"
EndProject
Project("{FAE04EC0-301F-11D3-BF4B-00C04F79EFBC}") = "Validanagram", "Problems\Validanagram\Validanagram.csproj", "{19881A02-469D-D60D-F639-2B916BEEA996}"
EndProject
Project("{FAE04EC0-301F-11D3-BF4B-00C04F79EFBC}") = "TwoSum", "Problems\TwoSum\TwoSum.csproj", "{DA851323-FA36-DC58-2C19-34629E8911FC}"
EndProject
Project("{FAE04EC0-301F-11D3-BF4B-00C04F79EFBC}") = "ContainsDuplicate", "Problems\ContainsDuplicate\ContainsDuplicate.csproj", "{F942C77D-4621-C0F3-99F7-BBD9E251028E}"
EndProject
Project("{FAE04EC0-301F-11D3-BF4B-00C04F79EFBC}") = "HashTable", "BeginnerAlgorithms\HashImplementation\HashTable.csproj", "{E5A5C6F1-2B87-4A1E-9C3F-8A9DA5B3E123}"
EndProject
Global
	GlobalSection(SolutionConfigurationPlatforms) = preSolution
		Debug|Any CPU = Debug|Any CPU
		Release|Any CPU = Release|Any CPU
	EndGlobalSection
	GlobalSection(ProjectConfigurationPlatforms) = postSolution
		{C76CCF0F-D2AC-CC95-72EF-D9DDD8891F17}.Debug|Any CPU.ActiveCfg = Debug|Any CPU
		{C76CCF0F-D2AC-CC95-72EF-D9DDD8891F17}.Debug|Any CPU.Build.0 = Debug|Any CPU
		{C76CCF0F-D2AC-CC95-72EF-D9DDD8891F17}.Release|Any CPU.ActiveCfg = Release|Any CPU
		{C76CCF0F-D2AC-CC95-72EF-D9DDD8891F17}.Release|Any CPU.Build.0 = Release|Any CPU
		{19881A02-469D-D60D-F639-2B916BEEA996}.Debug|Any CPU.ActiveCfg = Debug|Any CPU
		{19881A02-469D-D60D-F639-2B916BEEA996}.Debug|Any CPU.Build.0 = Debug|Any CPU
		{19881A02-469D-D60D-F639-2B916BEEA996}.Release|Any CPU.ActiveCfg = Release|Any CPU
		{19881A02-469D-D60D-F639-2B916BEEA996}.Release|Any CPU.Build.0 = Release|Any CPU
		{DA851323-FA36-DC58-2C19-34629E8911FC}.Debug|Any CPU.ActiveCfg = Debug|Any CPU
		{DA851323-FA36-DC58-2C19-34629E8911FC}.Debug|Any CPU.Build.0 = Debug|Any CPU
		{DA851323-FA36-DC58-2C19-34629E8911FC}.Release|Any CPU.ActiveCfg = Release|Any CPU
		{DA851323-FA36-DC58-2C19-34629E8911FC}.Release|Any CPU.Build.0 = Release|Any CPU
		{F942C77D-4621-C0F3-99F7-BBD9E251028E}.Debug|Any CPU.ActiveCfg = Debug|Any CPU
		{F942C77D-4621-C0F3-99F7-BBD9E251028E}.Debug|Any CPU.Build.0 = Debug|Any CPU
		{F942C77D-4621-C0F3-99F7-BBD9E251028E}.Release|Any CPU.ActiveCfg = Release|Any CPU
		{F942C77D-4621-C0F3-99F7-BBD9E251028E}.Release|Any CPU.Build.0 = Release|Any CPU
		{E5A5C6F1-2B87-4A1E-9C3F-8A9DA5B3E123}.Debug|Any CPU.ActiveCfg = Debug|Any CPU
		{E5A5C6F1-2B87-4A1E-9C3F-8A9DA5B3E123}.Debug|Any CPU.Build.0 = Debug|Any CPU
		{E5A5C6F1-2B87-4A1E-9C3F-8A9DA5B3E123}.Release|Any CPU.ActiveCfg = Release|Any CPU
		{E5A5C6F1-2B87-4A1E-9C3F-8A9DA5B3E123}.Release|Any CPU.Build.0 = Release|Any CPU
	EndGlobalSection
	GlobalSection(SolutionProperties) = preSolution
		HideSolutionNode = FALSE
	EndGlobalSection
	GlobalSection(ExtensibilityGlobals) = postSolution
		SolutionGuid = {26F35186-8999-41B7-8975-C5ACCA0F9924}
	EndGlobalSection
EndGlobal
