Microsoft Visual Studio Solution File, Format Version 12.00
# Visual Studio Version 17
VisualStudioVersion = 17.5.2.0
MinimumVisualStudioVersion = 10.0.40219.1
Project("{FAE04EC0-301F-11D3-BF4B-00C04F79EFBC}") = "Reversestring", "Reversestring\Reversestring.csproj", "{89FF5FBA-C8CC-0E65-696D-A40F9C6D264D}"
EndProject
Global
	GlobalSection(SolutionConfigurationPlatforms) = preSolution
		Debug|Any CPU = Debug|Any CPU
		Release|Any CPU = Release|Any CPU
	EndGlobalSection
	GlobalSection(ProjectConfigurationPlatforms) = postSolution
		{89FF5FBA-C8CC-0E65-696D-A40F9C6D264D}.Debug|Any CPU.ActiveCfg = Debug|Any CPU
		{89FF5FBA-C8CC-0E65-696D-A40F9C6D264D}.Debug|Any CPU.Build.0 = Debug|Any CPU
		{89FF5FBA-C8CC-0E65-696D-A40F9C6D264D}.Release|Any CPU.ActiveCfg = Release|Any CPU
		{89FF5FBA-C8CC-0E65-696D-A40F9C6D264D}.Release|Any CPU.Build.0 = Release|Any CPU
	EndGlobalSection
	GlobalSection(SolutionProperties) = preSolution
		HideSolutionNode = FALSE
	EndGlobalSection
	GlobalSection(ExtensibilityGlobals) = postSolution
		SolutionGuid = {DF42D162-7039-482C-9949-C5541F3895EE}
	EndGlobalSection
EndGlobal
